
Microsoft Visual Studio Solution File, Format Version 12.00
# Visual Studio Version 16
VisualStudioVersion = 16.0.29509.3
MinimumVisualStudioVersion = 10.0.40219.1
Project("{FAE04EC0-301F-11D3-BF4B-00C04F79EFBC}") = "Angular Search App", "Angular Search App\Angular Search App.csproj", "{3C1F7230-2D1F-4FA9-96AF-3C7560D80674}"
EndProject
Global
	GlobalSection(SolutionConfigurationPlatforms) = preSolution
		Debug|Any CPU = Debug|Any CPU
		Release|Any CPU = Release|Any CPU
	EndGlobalSection
	GlobalSection(ProjectConfigurationPlatforms) = postSolution
		{3C1F7230-2D1F-4FA9-96AF-3C7560D80674}.Debug|Any CPU.ActiveCfg = Debug|Any CPU
		{3C1F7230-2D1F-4FA9-96AF-3C7560D80674}.Debug|Any CPU.Build.0 = Debug|Any CPU
		{3C1F7230-2D1F-4FA9-96AF-3C7560D80674}.Release|Any CPU.ActiveCfg = Release|Any CPU
		{3C1F7230-2D1F-4FA9-96AF-3C7560D80674}.Release|Any CPU.Build.0 = Release|Any CPU
	EndGlobalSection
	GlobalSection(SolutionProperties) = preSolution
		HideSolutionNode = FALSE
	EndGlobalSection
	GlobalSection(ExtensibilityGlobals) = postSolution
		SolutionGuid = {F67D6A3F-B22A-405B-BC8F-7DE3603DC435}
	EndGlobalSection
EndGlobal
